
Microsoft Visual Studio Solution File, Format Version 12.00
# Visual Studio 15
VisualStudioVersion = 15.0.28010.2003
MinimumVisualStudioVersion = 10.0.40219.1
Project("{FAE04EC0-301F-11D3-BF4B-00C04F79EFBC}") = "Client", "Client\Client.csproj", "{14EF492D-16DF-4B2E-BACB-D22BA4D6B27B}"
EndProject
Global
	GlobalSection(SolutionConfigurationPlatforms) = preSolution
		Debug|Any CPU = Debug|Any CPU
		Release|Any CPU = Release|Any CPU
	EndGlobalSection
	GlobalSection(ProjectConfigurationPlatforms) = postSolution
		{14EF492D-16DF-4B2E-BACB-D22BA4D6B27B}.Debug|Any CPU.ActiveCfg = Debug|Any CPU
		{14EF492D-16DF-4B2E-BACB-D22BA4D6B27B}.Debug|Any CPU.Build.0 = Debug|Any CPU
		{14EF492D-16DF-4B2E-BACB-D22BA4D6B27B}.Release|Any CPU.ActiveCfg = Release|Any CPU
		{14EF492D-16DF-4B2E-BACB-D22BA4D6B27B}.Release|Any CPU.Build.0 = Release|Any CPU
	EndGlobalSection
	GlobalSection(SolutionProperties) = preSolution
		HideSolutionNode = FALSE
	EndGlobalSection
	GlobalSection(ExtensibilityGlobals) = postSolution
		SolutionGuid = {5A775815-D77D-4DC9-A14F-8F974B2CDE14}
	EndGlobalSection
EndGlobal
