
Microsoft Visual Studio Solution File, Format Version 12.00
# Visual Studio 15
VisualStudioVersion = 15.0.27428.2027
MinimumVisualStudioVersion = 10.0.40219.1
Project("{FAE04EC0-301F-11D3-BF4B-00C04F79EFBC}") = "PnPTool", "PnPTool\PnPTool.csproj", "{A3D983B5-25B1-4E41-9241-2EA7B140E80C}"
EndProject
Global
	GlobalSection(SolutionConfigurationPlatforms) = preSolution
		Debug|Any CPU = Debug|Any CPU
		Release|Any CPU = Release|Any CPU
	EndGlobalSection
	GlobalSection(ProjectConfigurationPlatforms) = postSolution
		{A3D983B5-25B1-4E41-9241-2EA7B140E80C}.Debug|Any CPU.ActiveCfg = Debug|Any CPU
		{A3D983B5-25B1-4E41-9241-2EA7B140E80C}.Debug|Any CPU.Build.0 = Debug|Any CPU
		{A3D983B5-25B1-4E41-9241-2EA7B140E80C}.Release|Any CPU.ActiveCfg = Release|Any CPU
		{A3D983B5-25B1-4E41-9241-2EA7B140E80C}.Release|Any CPU.Build.0 = Release|Any CPU
	EndGlobalSection
	GlobalSection(SolutionProperties) = preSolution
		HideSolutionNode = FALSE
	EndGlobalSection
	GlobalSection(ExtensibilityGlobals) = postSolution
		SolutionGuid = {21E6BC2C-4B58-4637-BA4F-BFCF078EBF89}
	EndGlobalSection
EndGlobal
